
Microsoft Visual Studio Solution File, Format Version 12.00
# Visual Studio Version 17
VisualStudioVersion = 17.5.002.0
MinimumVisualStudioVersion = 10.0.40219.1
Project("{9A19103F-16F7-4668-BE54-9A1E7A4F7556}") = "EFGetStarted", "EFGetStarted\EFGetStarted.csproj", "{C0CA07B6-E03E-4AF1-A424-10EEE3504151}"
EndProject
Global
	GlobalSection(SolutionConfigurationPlatforms) = preSolution
		Debug|Any CPU = Debug|Any CPU
		Release|Any CPU = Release|Any CPU
	EndGlobalSection
	GlobalSection(ProjectConfigurationPlatforms) = postSolution
		{C0CA07B6-E03E-4AF1-A424-10EEE3504151}.Debug|Any CPU.ActiveCfg = Debug|Any CPU
		{C0CA07B6-E03E-4AF1-A424-10EEE3504151}.Debug|Any CPU.Build.0 = Debug|Any CPU
		{C0CA07B6-E03E-4AF1-A424-10EEE3504151}.Release|Any CPU.ActiveCfg = Release|Any CPU
		{C0CA07B6-E03E-4AF1-A424-10EEE3504151}.Release|Any CPU.Build.0 = Release|Any CPU
	EndGlobalSection
	GlobalSection(SolutionProperties) = preSolution
		HideSolutionNode = FALSE
	EndGlobalSection
	GlobalSection(ExtensibilityGlobals) = postSolution
		SolutionGuid = {87C4C5B9-AB3D-4537-9F5C-46F3E84DD5FF}
	EndGlobalSection
EndGlobal
